
Microsoft Visual Studio Solution File, Format Version 12.00
# Visual Studio Version 17
VisualStudioVersion = 17.0.31903.59
MinimumVisualStudioVersion = 10.0.40219.1
Project("{FAE04EC0-301F-11D3-BF4B-00C04F79EFBC}") = "API", "API\API.csproj", "{0EBFDB01-3E94-4421-8300-4F414738231C}"
EndProject
Project("{FAE04EC0-301F-11D3-BF4B-00C04F79EFBC}") = "Application", "Application\Application.csproj", "{FD1FDAB9-174E-468B-BEE8-786BDC2D21B2}"
EndProject
Project("{FAE04EC0-301F-11D3-BF4B-00C04F79EFBC}") = "Domain", "Domain\Domain.csproj", "{4141A438-08CD-4582-AC31-6CD8A41A977C}"
EndProject
Project("{FAE04EC0-301F-11D3-BF4B-00C04F79EFBC}") = "Persistence", "Persistence\Persistence.csproj", "{9A4258C9-DD07-43BF-8A40-19D5C4D3AF72}"
EndProject
Global
	GlobalSection(SolutionConfigurationPlatforms) = preSolution
		Debug|Any CPU = Debug|Any CPU
		Release|Any CPU = Release|Any CPU
	EndGlobalSection
	GlobalSection(SolutionProperties) = preSolution
		HideSolutionNode = FALSE
	EndGlobalSection
	GlobalSection(ProjectConfigurationPlatforms) = postSolution
		{0EBFDB01-3E94-4421-8300-4F414738231C}.Debug|Any CPU.ActiveCfg = Debug|Any CPU
		{0EBFDB01-3E94-4421-8300-4F414738231C}.Debug|Any CPU.Build.0 = Debug|Any CPU
		{0EBFDB01-3E94-4421-8300-4F414738231C}.Release|Any CPU.ActiveCfg = Release|Any CPU
		{0EBFDB01-3E94-4421-8300-4F414738231C}.Release|Any CPU.Build.0 = Release|Any CPU
		{FD1FDAB9-174E-468B-BEE8-786BDC2D21B2}.Debug|Any CPU.ActiveCfg = Debug|Any CPU
		{FD1FDAB9-174E-468B-BEE8-786BDC2D21B2}.Debug|Any CPU.Build.0 = Debug|Any CPU
		{FD1FDAB9-174E-468B-BEE8-786BDC2D21B2}.Release|Any CPU.ActiveCfg = Release|Any CPU
		{FD1FDAB9-174E-468B-BEE8-786BDC2D21B2}.Release|Any CPU.Build.0 = Release|Any CPU
		{4141A438-08CD-4582-AC31-6CD8A41A977C}.Debug|Any CPU.ActiveCfg = Debug|Any CPU
		{4141A438-08CD-4582-AC31-6CD8A41A977C}.Debug|Any CPU.Build.0 = Debug|Any CPU
		{4141A438-08CD-4582-AC31-6CD8A41A977C}.Release|Any CPU.ActiveCfg = Release|Any CPU
		{4141A438-08CD-4582-AC31-6CD8A41A977C}.Release|Any CPU.Build.0 = Release|Any CPU
		{9A4258C9-DD07-43BF-8A40-19D5C4D3AF72}.Debug|Any CPU.ActiveCfg = Debug|Any CPU
		{9A4258C9-DD07-43BF-8A40-19D5C4D3AF72}.Debug|Any CPU.Build.0 = Debug|Any CPU
		{9A4258C9-DD07-43BF-8A40-19D5C4D3AF72}.Release|Any CPU.ActiveCfg = Release|Any CPU
		{9A4258C9-DD07-43BF-8A40-19D5C4D3AF72}.Release|Any CPU.Build.0 = Release|Any CPU
	EndGlobalSection
EndGlobal
